<?xml version="1.0" encoding="utf-8"?>
<Project ToolsVersion="4.0" xmlns="http://schemas.microsoft.com/developer/msbuild/2003">
  <ItemGroup>
    <ClCompile Include="ChildView.cpp">
      <Filter>Source Files</Filter>
    </ClCompile>
    <ClCompile Include="graphics\GrCamera.cpp">
      <Filter>Source Files</Filter>
    </ClCompile>
    <ClCompile Include="lab.cpp">
      <Filter>Source Files</Filter>
    </ClCompile>
    <ClCompile Include="MainFrm.cpp">
      <Filter>Source Files</Filter>
    </ClCompile>
    <ClCompile Include="graphics\OpenGLWnd.cpp">
      <Filter>Source Files</Filter>
    </ClCompile>
    <ClCompile Include="StdAfx.cpp">
      <Filter>Source Files</Filter>
    </ClCompile>
    <ClCompile Include="graphics\GrTexture.cpp">
      <Filter>Source Files</Filter>
    </ClCompile>
    <ClCompile Include="Mesh.cpp">
      <Filter>Source Files</Filter>
    </ClCompile>
    <ClCompile Include="png\lodepng.cpp">
      <Filter>Source Files</Filter>
    </ClCompile>
    <ClCompile Include="transform.cpp">
      <Filter>Source Files</Filter>
    </ClCompile>
  </ItemGroup>
  <ItemGroup>
    <ClInclude Include="ChildView.h">
      <Filter>Header Files</Filter>
    </ClInclude>
    <ClInclude Include="..\..\hackedheader\gl.h">
      <Filter>Header Files</Filter>
    </ClInclude>
    <ClInclude Include="lab.h">
      <Filter>Header Files</Filter>
    </ClInclude>
    <ClInclude Include="MainFrm.h">
      <Filter>Header Files</Filter>
    </ClInclude>
    <ClInclude Include="graphics\OpenGLWnd.h">
      <Filter>Header Files</Filter>
    </ClInclude>
    <ClInclude Include="Resource.h">
      <Filter>Header Files</Filter>
    </ClInclude>
    <ClInclude Include="StdAfx.h">
      <Filter>Header Files</Filter>
    </ClInclude>
    <ClInclude Include="Mesh.h">
      <Filter>Header Files</Filter>
    </ClInclude>
    <ClInclude Include="png\lodepng.h">
      <Filter>Header Files</Filter>
    </ClInclude>
    <ClInclude Include="assets\image.h">
      <Filter>Header Files\assets</Filter>
    </ClInclude>
    <ClInclude Include="assets\light.h">
      <Filter>Header Files\assets</Filter>
    </ClInclude>
    <ClInclude Include="assets\object.h">
      <Filter>Header Files\assets</Filter>
    </ClInclude>
    <ClInclude Include="assets\sphere.h">
      <Filter>Header Files\assets</Filter>
    </ClInclude>
    <ClInclude Include="assets\triangle.h">
      <Filter>Header Files\assets</Filter>
    </ClInclude>
    <ClInclude Include="math\matrix.h">
      <Filter>Header Files\math</Filter>
    </ClInclude>
    <ClInclude Include="math\ray.h">
      <Filter>Header Files\math</Filter>
    </ClInclude>
    <ClInclude Include="math\transform.h">
      <Filter>Header Files\math</Filter>
    </ClInclude>
    <ClInclude Include="math\vec3.h">
      <Filter>Header Files\math</Filter>
    </ClInclude>
    <ClInclude Include="raytracer.h">
      <Filter>Header Files</Filter>
    </ClInclude>
    <ClInclude Include="testStruct.h">
      <Filter>Header Files</Filter>
    </ClInclude>
    <ClInclude Include="scene.h">
      <Filter>Header Files\assets</Filter>
    </ClInclude>
    <ClInclude Include="assets\camera.h">
      <Filter>Header Files\assets</Filter>
    </ClInclude>
    <ClInclude Include="material.h">
      <Filter>Header Files\assets</Filter>
    </ClInclude>
    <ClInclude Include="graphics\GrCamera.h">
      <Filter>Header Files</Filter>
    </ClInclude>
    <ClInclude Include="graphics\GrTexture.h">
      <Filter>Header Files</Filter>
    </ClInclude>
    <ClInclude Include="graphics\GrVector.h">
      <Filter>Header Files</Filter>
    </ClInclude>
  </ItemGroup>
  <ItemGroup>
    <None Include="res\lab.ico">
      <Filter>Resource Files</Filter>
    </None>
    <None Include="res\lab.rc2">
      <Filter>Resource Files</Filter>
    </None>
    <None Include="res\Toolbar.bmp">
      <Filter>Resource Files</Filter>
    </None>
  </ItemGroup>
  <ItemGroup>
    <Filter Include="Source Files">
      <UniqueIdentifier>{f3b46793-4ab8-4a35-9103-27bb39583c4d}</UniqueIdentifier>
      <Extensions>cpp;c;cxx;rc;def;r;odl;idl;hpj;bat</Extensions>
    </Filter>
    <Filter Include="Header Files">
      <UniqueIdentifier>{c67b2994-5ed0-44ec-b2a9-0bbb7e1cb93f}</UniqueIdentifier>
      <Extensions>h;hpp;hxx;hm;inl</Extensions>
    </Filter>
    <Filter Include="Resource Files">
      <UniqueIdentifier>{23d4434e-9bd1-49ef-b580-331b49643e4d}</UniqueIdentifier>
      <Extensions>ico;cur;bmp;dlg;rc2;rct;bin;rgs;gif;jpg;jpeg;jpe</Extensions>
    </Filter>
    <Filter Include="Header Files\assets">
      <UniqueIdentifier>{fce6125c-07c8-4d8f-bcd3-5b80cffe5c22}</UniqueIdentifier>
    </Filter>
    <Filter Include="Header Files\math">
      <UniqueIdentifier>{1807d99a-6b95-4d30-af31-52107fea3021}</UniqueIdentifier>
    </Filter>
  </ItemGroup>
  <ItemGroup>
    <ResourceCompile Include="lab.rc">
      <Filter>Resource Files</Filter>
    </ResourceCompile>
  </ItemGroup>
  <ItemGroup>
    <CudaCompile Include="raytracer.cu">
      <Filter>Source Files</Filter>
    </CudaCompile>
  </ItemGroup>
</Project>